{
  "version": 4,
  "terraform_version": "1.14.0",
  "serial": 6,
  "lineage": "c8b0baa6-a7a9-90e3-ceb8-fdaf0b215dcb",
  "outputs": {},
  "resources": [
    {
      "module": "module.password_mgr",
      "mode": "managed",
      "type": "random_password",
      "name": "active",
      "provider": "provider[\"registry.terraform.io/hashicorp/random\"]",
      "instances": [
        {
          "schema_version": 3,
          "attributes": {
            "bcrypt_hash": "$2a$10$.ekWJFaPmoWOTF9J2xPv5.tS1S1OF7.nNJaeR9I9.XYXqcAIc0PMe",
            "id": "none",
            "keepers": {
              "version": "v1"
            },
            "length": 16,
            "lower": true,
            "min_lower": 0,
            "min_numeric": 0,
            "min_special": 0,
            "min_upper": 0,
            "number": true,
            "numeric": true,
            "override_special": null,
            "result": "vs?Z40kfCN7JCgl-",
            "special": true,
            "upper": true
          },
          "sensitive_attributes": [
            [
              {
                "type": "get_attr",
                "value": "bcrypt_hash"
              }
            ],
            [
              {
                "type": "get_attr",
                "value": "result"
              }
            ]
          ],
          "identity_schema_version": 0
        }
      ]
    },
    {
      "module": "module.password_mgr",
      "mode": "managed",
      "type": "random_password",
      "name": "backup",
      "provider": "provider[\"registry.terraform.io/hashicorp/random\"]",
      "instances": [
        {
          "schema_version": 3,
          "attributes": {
            "bcrypt_hash": "$2a$10$BENT9rtEju4P6pcFK2gS6.8EUqUup/VIIis.mAZ0SsNvu8r1YXrFK",
            "id": "none",
            "keepers": {
              "version": "v1"
            },
            "length": 16,
            "lower": true,
            "min_lower": 0,
            "min_numeric": 0,
            "min_special": 0,
            "min_upper": 0,
            "number": true,
            "numeric": true,
            "override_special": null,
            "result": "1tAkx\u003eQrI7pGkpZy",
            "special": true,
            "upper": true
          },
          "sensitive_attributes": [
            [
              {
                "type": "get_attr",
                "value": "bcrypt_hash"
              }
            ],
            [
              {
                "type": "get_attr",
                "value": "result"
              }
            ]
          ],
          "identity_schema_version": 0
        }
      ]
    },
    {
      "module": "module.password_mgr",
      "mode": "managed",
      "type": "terraform_data",
      "name": "active_password_state",
      "provider": "provider[\"terraform.io/builtin/terraform\"]",
      "instances": [
        {
          "schema_version": 0,
          "attributes": {
            "id": "adc4e06d-63a7-09d0-0f7d-42ad7d80abb9",
            "input": {
              "value": {
                "label": "active",
                "password": "vs?Z40kfCN7JCgl-",
                "swapped": false
              },
              "type": [
                "object",
                {
                  "label": "string",
                  "password": "string",
                  "swapped": "bool"
                }
              ]
            },
            "output": {
              "value": {
                "label": "active",
                "password": "vs?Z40kfCN7JCgl-",
                "swapped": false
              },
              "type": [
                "object",
                {
                  "label": "string",
                  "password": "string",
                  "swapped": "bool"
                }
              ]
            },
            "triggers_replace": null
          },
          "sensitive_attributes": [
            [
              {
                "type": "get_attr",
                "value": "input"
              },
              {
                "type": "get_attr",
                "value": "password"
              }
            ]
          ],
          "identity_schema_version": 0,
          "dependencies": [
            "module.password_mgr.random_password.active",
            "module.password_mgr.random_password.backup"
          ]
        }
      ]
    },
    {
      "module": "module.password_mgr",
      "mode": "managed",
      "type": "terraform_data",
      "name": "backup_password_state",
      "provider": "provider[\"terraform.io/builtin/terraform\"]",
      "instances": [
        {
          "schema_version": 0,
          "attributes": {
            "id": "8b47b49b-2747-773f-1f15-37c6a059493f",
            "input": {
              "value": {
                "label": "backup",
                "password": "1tAkx\u003eQrI7pGkpZy",
                "swapped": false
              },
              "type": [
                "object",
                {
                  "label": "string",
                  "password": "string",
                  "swapped": "bool"
                }
              ]
            },
            "output": {
              "value": {
                "label": "backup",
                "password": "1tAkx\u003eQrI7pGkpZy",
                "swapped": false
              },
              "type": [
                "object",
                {
                  "label": "string",
                  "password": "string",
                  "swapped": "bool"
                }
              ]
            },
            "triggers_replace": null
          },
          "sensitive_attributes": [
            [
              {
                "type": "get_attr",
                "value": "input"
              },
              {
                "type": "get_attr",
                "value": "password"
              }
            ]
          ],
          "identity_schema_version": 0,
          "dependencies": [
            "module.password_mgr.random_password.active",
            "module.password_mgr.random_password.backup"
          ]
        }
      ]
    },
    {
      "module": "module.password_mgr",
      "mode": "managed",
      "type": "terraform_data",
      "name": "bonus_validation",
      "provider": "provider[\"terraform.io/builtin/terraform\"]",
      "instances": [
        {
          "schema_version": 0,
          "attributes": {
            "id": "60f76d49-95bb-2d94-bf92-29902cd92459",
            "input": {
              "value": {
                "backup_rotate": false,
                "swap_enabled": false
              },
              "type": [
                "object",
                {
                  "backup_rotate": "bool",
                  "swap_enabled": "bool"
                }
              ]
            },
            "output": {
              "value": {
                "backup_rotate": false,
                "swap_enabled": false
              },
              "type": [
                "object",
                {
                  "backup_rotate": "bool",
                  "swap_enabled": "bool"
                }
              ]
            },
            "triggers_replace": null
          },
          "sensitive_attributes": [],
          "identity_schema_version": 0
        }
      ]
    }
  ],
  "check_results": [
    {
      "object_kind": "resource",
      "config_addr": "module.password_mgr.terraform_data.bonus_validation",
      "status": "pass",
      "objects": [
        {
          "object_addr": "module.password_mgr.terraform_data.bonus_validation",
          "status": "pass"
        }
      ]
    },
    {
      "object_kind": "var",
      "config_addr": "module.password_mgr.var.password_length",
      "status": "pass",
      "objects": [
        {
          "object_addr": "module.password_mgr.var.password_length",
          "status": "pass"
        }
      ]
    }
  ]
}
