{
  "version": 4,
  "terraform_version": "1.14.0",
  "serial": 9,
  "lineage": "54d58dec-2b0f-ec33-e237-942443b1c1fe",
  "outputs": {
    "active_password": {
      "value": "5R7G)8$Uo61\u003cZN2]",
      "type": "string",
      "sensitive": true
    },
    "active_password_label": {
      "value": "active",
      "type": "string"
    },
    "active_password_version": {
      "value": "v1",
      "type": "string"
    },
    "backup_password": {
      "value": "r8=a4oR(JaSl:nC=",
      "type": "string",
      "sensitive": true
    },
    "backup_password_label": {
      "value": "backup",
      "type": "string"
    },
    "backup_password_version": {
      "value": "v2",
      "type": "string"
    },
    "password_status": {
      "value": {
        "active_label": "active",
        "active_version": "v1",
        "backup_label": "backup",
        "backup_version": "v2",
        "include_special_chars": true,
        "password_length": 16,
        "swapped": false
      },
      "type": [
        "object",
        {
          "active_label": "string",
          "active_version": "string",
          "backup_label": "string",
          "backup_version": "string",
          "include_special_chars": "bool",
          "password_length": "number",
          "swapped": "bool"
        }
      ]
    },
    "passwords_swapped": {
      "value": false,
      "type": "bool"
    }
  },
  "resources": [
    {
      "mode": "managed",
      "type": "random_password",
      "name": "active",
      "provider": "provider[\"registry.terraform.io/hashicorp/random\"]",
      "instances": [
        {
          "schema_version": 3,
          "attributes": {
            "bcrypt_hash": "$2a$10$hgLIyZWLyPQ1ZsAMDXI0A.6Rte5VJ5FMxoskvs2217jlsdYhrTOqG",
            "id": "none",
            "keepers": {
              "version": "v1"
            },
            "length": 16,
            "lower": true,
            "min_lower": 0,
            "min_numeric": 0,
            "min_special": 0,
            "min_upper": 0,
            "number": true,
            "numeric": true,
            "override_special": null,
            "result": "5R7G)8$Uo61\u003cZN2]",
            "special": true,
            "upper": true
          },
          "sensitive_attributes": [
            [
              {
                "type": "get_attr",
                "value": "bcrypt_hash"
              }
            ],
            [
              {
                "type": "get_attr",
                "value": "result"
              }
            ]
          ],
          "identity_schema_version": 0
        }
      ]
    },
    {
      "mode": "managed",
      "type": "random_password",
      "name": "backup",
      "provider": "provider[\"registry.terraform.io/hashicorp/random\"]",
      "instances": [
        {
          "schema_version": 3,
          "attributes": {
            "bcrypt_hash": "$2a$10$/yIsr9qAfLzNVRFhIJNviOMGrD5SAfZdFgpdzV2cmgxrjR/He/TJe",
            "id": "none",
            "keepers": {
              "version": "v2"
            },
            "length": 16,
            "lower": true,
            "min_lower": 0,
            "min_numeric": 0,
            "min_special": 0,
            "min_upper": 0,
            "number": true,
            "numeric": true,
            "override_special": null,
            "result": "r8=a4oR(JaSl:nC=",
            "special": true,
            "upper": true
          },
          "sensitive_attributes": [
            [
              {
                "type": "get_attr",
                "value": "bcrypt_hash"
              }
            ],
            [
              {
                "type": "get_attr",
                "value": "result"
              }
            ]
          ],
          "identity_schema_version": 0
        }
      ]
    },
    {
      "mode": "managed",
      "type": "terraform_data",
      "name": "active_password_state",
      "provider": "provider[\"terraform.io/builtin/terraform\"]",
      "instances": [
        {
          "schema_version": 0,
          "attributes": {
            "id": "f60c37eb-2d68-9012-09cf-1688191ae23e",
            "input": {
              "value": {
                "label": "active",
                "password": "5R7G)8$Uo61\u003cZN2]",
                "swapped": false
              },
              "type": [
                "object",
                {
                  "label": "string",
                  "password": "string",
                  "swapped": "bool"
                }
              ]
            },
            "output": {
              "value": {
                "label": "active",
                "password": "5R7G)8$Uo61\u003cZN2]",
                "swapped": false
              },
              "type": [
                "object",
                {
                  "label": "string",
                  "password": "string",
                  "swapped": "bool"
                }
              ]
            },
            "triggers_replace": null
          },
          "sensitive_attributes": [
            [
              {
                "type": "get_attr",
                "value": "input"
              },
              {
                "type": "get_attr",
                "value": "password"
              }
            ]
          ],
          "identity_schema_version": 0,
          "dependencies": [
            "random_password.active",
            "random_password.backup"
          ]
        }
      ]
    },
    {
      "mode": "managed",
      "type": "terraform_data",
      "name": "backup_password_state",
      "provider": "provider[\"terraform.io/builtin/terraform\"]",
      "instances": [
        {
          "schema_version": 0,
          "attributes": {
            "id": "2c896442-f2bb-77e5-1b02-ac9b99736b2f",
            "input": {
              "value": {
                "label": "backup",
                "password": "r8=a4oR(JaSl:nC=",
                "swapped": false
              },
              "type": [
                "object",
                {
                  "label": "string",
                  "password": "string",
                  "swapped": "bool"
                }
              ]
            },
            "output": {
              "value": {
                "label": "backup",
                "password": "r8=a4oR(JaSl:nC=",
                "swapped": false
              },
              "type": [
                "object",
                {
                  "label": "string",
                  "password": "string",
                  "swapped": "bool"
                }
              ]
            },
            "triggers_replace": null
          },
          "sensitive_attributes": [
            [
              {
                "type": "get_attr",
                "value": "input"
              },
              {
                "type": "get_attr",
                "value": "password"
              }
            ]
          ],
          "identity_schema_version": 0,
          "dependencies": [
            "random_password.active",
            "random_password.backup"
          ]
        }
      ]
    }
  ],
  "check_results": [
    {
      "object_kind": "var",
      "config_addr": "var.password_length",
      "status": "pass",
      "objects": [
        {
          "object_addr": "var.password_length",
          "status": "pass"
        }
      ]
    }
  ]
}
